
Microsoft Visual Studio Solution File, Format Version 12.00
# Visual Studio Version 17
VisualStudioVersion = 17.5.002.0
MinimumVisualStudioVersion = 10.0.40219.1
Project("{2150E333-8FDC-42A3-9474-1A3956D46DE8}") = "csharp-prep", "csharp-prep", "{0F5CE335-5393-4643-9CB7-DB05B0424AB8}"
EndProject
Project("{9A19103F-16F7-4668-BE54-9A1E7A4F7556}") = "Prep1", "csharp-prep\Prep1\Prep1.csproj", "{7203C028-B088-42BF-9BFA-6F6A40B1058B}"
EndProject
Project("{9A19103F-16F7-4668-BE54-9A1E7A4F7556}") = "Prep2", "csharp-prep\Prep2\Prep2.csproj", "{96006C91-E84D-48F3-8426-23FF4A65DB77}"
EndProject
Project("{9A19103F-16F7-4668-BE54-9A1E7A4F7556}") = "Prep3", "csharp-prep\Prep3\Prep3.csproj", "{12160C67-B945-4EF6-8ED5-A6FBF80A233F}"
EndProject
Project("{9A19103F-16F7-4668-BE54-9A1E7A4F7556}") = "Prep4", "csharp-prep\Prep4\Prep4.csproj", "{8E12325F-F05C-4612-9B05-1290ED261B2B}"
EndProject
Project("{9A19103F-16F7-4668-BE54-9A1E7A4F7556}") = "Prep5", "csharp-prep\Prep5\Prep5.csproj", "{E171DA75-BB1D-40DF-AC9B-EE573EB562BE}"
EndProject
Project("{2150E333-8FDC-42A3-9474-1A3956D46DE8}") = "final", "final", "{1417C9F7-7E3A-4B92-B7B7-20E3E354E341}"
EndProject
Project("{9A19103F-16F7-4668-BE54-9A1E7A4F7556}") = "FinalProject", "final\FinalProject\FinalProject.csproj", "{89CF3078-D3E4-4C53-B58B-31AB684147AC}"
EndProject
Project("{9A19103F-16F7-4668-BE54-9A1E7A4F7556}") = "Foundation1", "final\Foundation1\Foundation1.csproj", "{01AFAC2F-E3FE-4C0A-8094-F060CD82C6DA}"
EndProject
Project("{9A19103F-16F7-4668-BE54-9A1E7A4F7556}") = "Foundation2", "final\Foundation2\Foundation2.csproj", "{3294E1F5-C548-44C7-98A0-45761B78B6E3}"
EndProject
Project("{9A19103F-16F7-4668-BE54-9A1E7A4F7556}") = "Foundation3", "final\Foundation3\Foundation3.csproj", "{7B54C14C-707D-4C04-A027-02DA3BED36F2}"
EndProject
Project("{9A19103F-16F7-4668-BE54-9A1E7A4F7556}") = "Foundation4", "final\Foundation4\Foundation4.csproj", "{78AA8AB8-8980-4851-A28B-AEA3DAF3CAB2}"
EndProject
Project("{2150E333-8FDC-42A3-9474-1A3956D46DE8}") = "prepare", "prepare", "{85AD7862-2023-4170-9E8A-55646B08D6BC}"
EndProject
Project("{9A19103F-16F7-4668-BE54-9A1E7A4F7556}") = "Learning02", "prepare\Learning02\Learning02.csproj", "{067E6CA9-2CCF-4636-B54A-8079492668C3}"
EndProject
Project("{9A19103F-16F7-4668-BE54-9A1E7A4F7556}") = "Learning03", "prepare\Learning03\Learning03.csproj", "{7540E327-A624-44EB-8BFF-632C5ED02D70}"
EndProject
Project("{9A19103F-16F7-4668-BE54-9A1E7A4F7556}") = "Learning04", "prepare\Learning04\Learning04.csproj", "{3E746BB0-592C-4A42-915C-CA6108257602}"
EndProject
Project("{9A19103F-16F7-4668-BE54-9A1E7A4F7556}") = "Learning05", "prepare\Learning05\Learning05.csproj", "{E1D1FF08-5691-479C-A291-9DB345EFE1D7}"
EndProject
Project("{2150E333-8FDC-42A3-9474-1A3956D46DE8}") = "prove", "prove", "{F36DA0B9-D119-472A-A1C5-F2CC138553B4}"
EndProject
Project("{9A19103F-16F7-4668-BE54-9A1E7A4F7556}") = "Develop02", "prove\Develop02\Develop02.csproj", "{147EF6B6-226D-410B-A842-F94C45A11FD7}"
EndProject
Project("{9A19103F-16F7-4668-BE54-9A1E7A4F7556}") = "Develop03", "prove\Develop03\Develop03.csproj", "{E6F1940D-7811-468C-B7F6-2E8528F3E33E}"
EndProject
Project("{9A19103F-16F7-4668-BE54-9A1E7A4F7556}") = "Develop04", "prove\Develop04\Develop04.csproj", "{442C8966-8416-4666-9D63-58E506CF0329}"
EndProject
Project("{9A19103F-16F7-4668-BE54-9A1E7A4F7556}") = "Develop05", "prove\Develop05\Develop05.csproj", "{027C0AA9-8683-4D32-96D2-FAD37A4FA436}"
EndProject
Project("{2150E333-8FDC-42A3-9474-1A3956D46DE8}") = "sandbox", "sandbox", "{B4F608AB-7289-42F1-85E1-D10DB2FB6941}"
EndProject
Project("{9A19103F-16F7-4668-BE54-9A1E7A4F7556}") = "Sandbox", "sandbox\Sandbox\Sandbox.csproj", "{8BADBE56-A1F9-49F0-AEAE-3B77BB528F1B}"
EndProject
Global
	GlobalSection(SolutionConfigurationPlatforms) = preSolution
		Debug|Any CPU = Debug|Any CPU
		Release|Any CPU = Release|Any CPU
	EndGlobalSection
	GlobalSection(ProjectConfigurationPlatforms) = postSolution
		{7203C028-B088-42BF-9BFA-6F6A40B1058B}.Debug|Any CPU.ActiveCfg = Debug|Any CPU
		{7203C028-B088-42BF-9BFA-6F6A40B1058B}.Debug|Any CPU.Build.0 = Debug|Any CPU
		{7203C028-B088-42BF-9BFA-6F6A40B1058B}.Release|Any CPU.ActiveCfg = Release|Any CPU
		{7203C028-B088-42BF-9BFA-6F6A40B1058B}.Release|Any CPU.Build.0 = Release|Any CPU
		{96006C91-E84D-48F3-8426-23FF4A65DB77}.Debug|Any CPU.ActiveCfg = Debug|Any CPU
		{96006C91-E84D-48F3-8426-23FF4A65DB77}.Debug|Any CPU.Build.0 = Debug|Any CPU
		{96006C91-E84D-48F3-8426-23FF4A65DB77}.Release|Any CPU.ActiveCfg = Release|Any CPU
		{96006C91-E84D-48F3-8426-23FF4A65DB77}.Release|Any CPU.Build.0 = Release|Any CPU
		{12160C67-B945-4EF6-8ED5-A6FBF80A233F}.Debug|Any CPU.ActiveCfg = Debug|Any CPU
		{12160C67-B945-4EF6-8ED5-A6FBF80A233F}.Debug|Any CPU.Build.0 = Debug|Any CPU
		{12160C67-B945-4EF6-8ED5-A6FBF80A233F}.Release|Any CPU.ActiveCfg = Release|Any CPU
		{12160C67-B945-4EF6-8ED5-A6FBF80A233F}.Release|Any CPU.Build.0 = Release|Any CPU
		{8E12325F-F05C-4612-9B05-1290ED261B2B}.Debug|Any CPU.ActiveCfg = Debug|Any CPU
		{8E12325F-F05C-4612-9B05-1290ED261B2B}.Debug|Any CPU.Build.0 = Debug|Any CPU
		{8E12325F-F05C-4612-9B05-1290ED261B2B}.Release|Any CPU.ActiveCfg = Release|Any CPU
		{8E12325F-F05C-4612-9B05-1290ED261B2B}.Release|Any CPU.Build.0 = Release|Any CPU
		{E171DA75-BB1D-40DF-AC9B-EE573EB562BE}.Debug|Any CPU.ActiveCfg = Debug|Any CPU
		{E171DA75-BB1D-40DF-AC9B-EE573EB562BE}.Debug|Any CPU.Build.0 = Debug|Any CPU
		{E171DA75-BB1D-40DF-AC9B-EE573EB562BE}.Release|Any CPU.ActiveCfg = Release|Any CPU
		{E171DA75-BB1D-40DF-AC9B-EE573EB562BE}.Release|Any CPU.Build.0 = Release|Any CPU
		{89CF3078-D3E4-4C53-B58B-31AB684147AC}.Debug|Any CPU.ActiveCfg = Debug|Any CPU
		{89CF3078-D3E4-4C53-B58B-31AB684147AC}.Debug|Any CPU.Build.0 = Debug|Any CPU
		{89CF3078-D3E4-4C53-B58B-31AB684147AC}.Release|Any CPU.ActiveCfg = Release|Any CPU
		{89CF3078-D3E4-4C53-B58B-31AB684147AC}.Release|Any CPU.Build.0 = Release|Any CPU
		{01AFAC2F-E3FE-4C0A-8094-F060CD82C6DA}.Debug|Any CPU.ActiveCfg = Debug|Any CPU
		{01AFAC2F-E3FE-4C0A-8094-F060CD82C6DA}.Debug|Any CPU.Build.0 = Debug|Any CPU
		{01AFAC2F-E3FE-4C0A-8094-F060CD82C6DA}.Release|Any CPU.ActiveCfg = Release|Any CPU
		{01AFAC2F-E3FE-4C0A-8094-F060CD82C6DA}.Release|Any CPU.Build.0 = Release|Any CPU
		{3294E1F5-C548-44C7-98A0-45761B78B6E3}.Debug|Any CPU.ActiveCfg = Debug|Any CPU
		{3294E1F5-C548-44C7-98A0-45761B78B6E3}.Debug|Any CPU.Build.0 = Debug|Any CPU
		{3294E1F5-C548-44C7-98A0-45761B78B6E3}.Release|Any CPU.ActiveCfg = Release|Any CPU
		{3294E1F5-C548-44C7-98A0-45761B78B6E3}.Release|Any CPU.Build.0 = Release|Any CPU
		{7B54C14C-707D-4C04-A027-02DA3BED36F2}.Debug|Any CPU.ActiveCfg = Debug|Any CPU
		{7B54C14C-707D-4C04-A027-02DA3BED36F2}.Debug|Any CPU.Build.0 = Debug|Any CPU
		{7B54C14C-707D-4C04-A027-02DA3BED36F2}.Release|Any CPU.ActiveCfg = Release|Any CPU
		{7B54C14C-707D-4C04-A027-02DA3BED36F2}.Release|Any CPU.Build.0 = Release|Any CPU
		{78AA8AB8-8980-4851-A28B-AEA3DAF3CAB2}.Debug|Any CPU.ActiveCfg = Debug|Any CPU
		{78AA8AB8-8980-4851-A28B-AEA3DAF3CAB2}.Debug|Any CPU.Build.0 = Debug|Any CPU
		{78AA8AB8-8980-4851-A28B-AEA3DAF3CAB2}.Release|Any CPU.ActiveCfg = Release|Any CPU
		{78AA8AB8-8980-4851-A28B-AEA3DAF3CAB2}.Release|Any CPU.Build.0 = Release|Any CPU
		{067E6CA9-2CCF-4636-B54A-8079492668C3}.Debug|Any CPU.ActiveCfg = Debug|Any CPU
		{067E6CA9-2CCF-4636-B54A-8079492668C3}.Debug|Any CPU.Build.0 = Debug|Any CPU
		{067E6CA9-2CCF-4636-B54A-8079492668C3}.Release|Any CPU.ActiveCfg = Release|Any CPU
		{067E6CA9-2CCF-4636-B54A-8079492668C3}.Release|Any CPU.Build.0 = Release|Any CPU
		{7540E327-A624-44EB-8BFF-632C5ED02D70}.Debug|Any CPU.ActiveCfg = Debug|Any CPU
		{7540E327-A624-44EB-8BFF-632C5ED02D70}.Debug|Any CPU.Build.0 = Debug|Any CPU
		{7540E327-A624-44EB-8BFF-632C5ED02D70}.Release|Any CPU.ActiveCfg = Release|Any CPU
		{7540E327-A624-44EB-8BFF-632C5ED02D70}.Release|Any CPU.Build.0 = Release|Any CPU
		{3E746BB0-592C-4A42-915C-CA6108257602}.Debug|Any CPU.ActiveCfg = Debug|Any CPU
		{3E746BB0-592C-4A42-915C-CA6108257602}.Debug|Any CPU.Build.0 = Debug|Any CPU
		{3E746BB0-592C-4A42-915C-CA6108257602}.Release|Any CPU.ActiveCfg = Release|Any CPU
		{3E746BB0-592C-4A42-915C-CA6108257602}.Release|Any CPU.Build.0 = Release|Any CPU
		{E1D1FF08-5691-479C-A291-9DB345EFE1D7}.Debug|Any CPU.ActiveCfg = Debug|Any CPU
		{E1D1FF08-5691-479C-A291-9DB345EFE1D7}.Debug|Any CPU.Build.0 = Debug|Any CPU
		{E1D1FF08-5691-479C-A291-9DB345EFE1D7}.Release|Any CPU.ActiveCfg = Release|Any CPU
		{E1D1FF08-5691-479C-A291-9DB345EFE1D7}.Release|Any CPU.Build.0 = Release|Any CPU
		{147EF6B6-226D-410B-A842-F94C45A11FD7}.Debug|Any CPU.ActiveCfg = Debug|Any CPU
		{147EF6B6-226D-410B-A842-F94C45A11FD7}.Debug|Any CPU.Build.0 = Debug|Any CPU
		{147EF6B6-226D-410B-A842-F94C45A11FD7}.Release|Any CPU.ActiveCfg = Release|Any CPU
		{147EF6B6-226D-410B-A842-F94C45A11FD7}.Release|Any CPU.Build.0 = Release|Any CPU
		{E6F1940D-7811-468C-B7F6-2E8528F3E33E}.Debug|Any CPU.ActiveCfg = Debug|Any CPU
		{E6F1940D-7811-468C-B7F6-2E8528F3E33E}.Debug|Any CPU.Build.0 = Debug|Any CPU
		{E6F1940D-7811-468C-B7F6-2E8528F3E33E}.Release|Any CPU.ActiveCfg = Release|Any CPU
		{E6F1940D-7811-468C-B7F6-2E8528F3E33E}.Release|Any CPU.Build.0 = Release|Any CPU
		{442C8966-8416-4666-9D63-58E506CF0329}.Debug|Any CPU.ActiveCfg = Debug|Any CPU
		{442C8966-8416-4666-9D63-58E506CF0329}.Debug|Any CPU.Build.0 = Debug|Any CPU
		{442C8966-8416-4666-9D63-58E506CF0329}.Release|Any CPU.ActiveCfg = Release|Any CPU
		{442C8966-8416-4666-9D63-58E506CF0329}.Release|Any CPU.Build.0 = Release|Any CPU
		{027C0AA9-8683-4D32-96D2-FAD37A4FA436}.Debug|Any CPU.ActiveCfg = Debug|Any CPU
		{027C0AA9-8683-4D32-96D2-FAD37A4FA436}.Debug|Any CPU.Build.0 = Debug|Any CPU
		{027C0AA9-8683-4D32-96D2-FAD37A4FA436}.Release|Any CPU.ActiveCfg = Release|Any CPU
		{027C0AA9-8683-4D32-96D2-FAD37A4FA436}.Release|Any CPU.Build.0 = Release|Any CPU
		{8BADBE56-A1F9-49F0-AEAE-3B77BB528F1B}.Debug|Any CPU.ActiveCfg = Debug|Any CPU
		{8BADBE56-A1F9-49F0-AEAE-3B77BB528F1B}.Debug|Any CPU.Build.0 = Debug|Any CPU
		{8BADBE56-A1F9-49F0-AEAE-3B77BB528F1B}.Release|Any CPU.ActiveCfg = Release|Any CPU
		{8BADBE56-A1F9-49F0-AEAE-3B77BB528F1B}.Release|Any CPU.Build.0 = Release|Any CPU
	EndGlobalSection
	GlobalSection(SolutionProperties) = preSolution
		HideSolutionNode = FALSE
	EndGlobalSection
	GlobalSection(NestedProjects) = preSolution
		{7203C028-B088-42BF-9BFA-6F6A40B1058B} = {0F5CE335-5393-4643-9CB7-DB05B0424AB8}
		{96006C91-E84D-48F3-8426-23FF4A65DB77} = {0F5CE335-5393-4643-9CB7-DB05B0424AB8}
		{12160C67-B945-4EF6-8ED5-A6FBF80A233F} = {0F5CE335-5393-4643-9CB7-DB05B0424AB8}
		{8E12325F-F05C-4612-9B05-1290ED261B2B} = {0F5CE335-5393-4643-9CB7-DB05B0424AB8}
		{E171DA75-BB1D-40DF-AC9B-EE573EB562BE} = {0F5CE335-5393-4643-9CB7-DB05B0424AB8}
		{89CF3078-D3E4-4C53-B58B-31AB684147AC} = {1417C9F7-7E3A-4B92-B7B7-20E3E354E341}
		{01AFAC2F-E3FE-4C0A-8094-F060CD82C6DA} = {1417C9F7-7E3A-4B92-B7B7-20E3E354E341}
		{3294E1F5-C548-44C7-98A0-45761B78B6E3} = {1417C9F7-7E3A-4B92-B7B7-20E3E354E341}
		{7B54C14C-707D-4C04-A027-02DA3BED36F2} = {1417C9F7-7E3A-4B92-B7B7-20E3E354E341}
		{78AA8AB8-8980-4851-A28B-AEA3DAF3CAB2} = {1417C9F7-7E3A-4B92-B7B7-20E3E354E341}
		{067E6CA9-2CCF-4636-B54A-8079492668C3} = {85AD7862-2023-4170-9E8A-55646B08D6BC}
		{7540E327-A624-44EB-8BFF-632C5ED02D70} = {85AD7862-2023-4170-9E8A-55646B08D6BC}
		{3E746BB0-592C-4A42-915C-CA6108257602} = {85AD7862-2023-4170-9E8A-55646B08D6BC}
		{E1D1FF08-5691-479C-A291-9DB345EFE1D7} = {85AD7862-2023-4170-9E8A-55646B08D6BC}
		{147EF6B6-226D-410B-A842-F94C45A11FD7} = {F36DA0B9-D119-472A-A1C5-F2CC138553B4}
		{E6F1940D-7811-468C-B7F6-2E8528F3E33E} = {F36DA0B9-D119-472A-A1C5-F2CC138553B4}
		{442C8966-8416-4666-9D63-58E506CF0329} = {F36DA0B9-D119-472A-A1C5-F2CC138553B4}
		{027C0AA9-8683-4D32-96D2-FAD37A4FA436} = {F36DA0B9-D119-472A-A1C5-F2CC138553B4}
		{8BADBE56-A1F9-49F0-AEAE-3B77BB528F1B} = {B4F608AB-7289-42F1-85E1-D10DB2FB6941}
	EndGlobalSection
	GlobalSection(ExtensibilityGlobals) = postSolution
		SolutionGuid = {43BF2A4D-84A3-4E20-B175-A6BEF1BFF12B}
	EndGlobalSection
EndGlobal
